
Microsoft Visual Studio Solution File, Format Version 12.00
# Visual Studio Version 17
VisualStudioVersion = 17.11.35312.102
MinimumVisualStudioVersion = 10.0.40219.1
Project("{9A19103F-16F7-4668-BE54-9A1E7A4F7556}") = "PlexSeriesNameFormatFixer", "PlexSeriesNameFormatFixer\PlexSeriesNameFormatFixer.csproj", "{3616074A-50CB-4418-BFE0-AC35B4184C79}"
EndProject
Project("{FAE04EC0-301F-11D3-BF4B-00C04F79EFBC}") = "PlexSeriesNameFormatFixer.Tests", "PlexSeriesNameFormatFixer.Tests\PlexSeriesNameFormatFixer.Tests.csproj", "{CBE48DB7-641B-40E8-ABDB-3E8EB1FD52FB}"
EndProject
Global
	GlobalSection(SolutionConfigurationPlatforms) = preSolution
		Debug|Any CPU = Debug|Any CPU
		Release|Any CPU = Release|Any CPU
	EndGlobalSection
	GlobalSection(ProjectConfigurationPlatforms) = postSolution
		{3616074A-50CB-4418-BFE0-AC35B4184C79}.Debug|Any CPU.ActiveCfg = Debug|Any CPU
		{3616074A-50CB-4418-BFE0-AC35B4184C79}.Debug|Any CPU.Build.0 = Debug|Any CPU
		{3616074A-50CB-4418-BFE0-AC35B4184C79}.Release|Any CPU.ActiveCfg = Release|Any CPU
		{3616074A-50CB-4418-BFE0-AC35B4184C79}.Release|Any CPU.Build.0 = Release|Any CPU
		{CBE48DB7-641B-40E8-ABDB-3E8EB1FD52FB}.Debug|Any CPU.ActiveCfg = Debug|Any CPU
		{CBE48DB7-641B-40E8-ABDB-3E8EB1FD52FB}.Debug|Any CPU.Build.0 = Debug|Any CPU
		{CBE48DB7-641B-40E8-ABDB-3E8EB1FD52FB}.Release|Any CPU.ActiveCfg = Release|Any CPU
		{CBE48DB7-641B-40E8-ABDB-3E8EB1FD52FB}.Release|Any CPU.Build.0 = Release|Any CPU
	EndGlobalSection
	GlobalSection(SolutionProperties) = preSolution
		HideSolutionNode = FALSE
	EndGlobalSection
	GlobalSection(ExtensibilityGlobals) = postSolution
		SolutionGuid = {275476E0-CDF4-44BD-9011-6179EF622C4A}
	EndGlobalSection
EndGlobal
